
Microsoft Visual Studio Solution File, Format Version 12.00
# Visual Studio Version 17
VisualStudioVersion = 17.0.31912.275
MinimumVisualStudioVersion = 10.0.40219.1
Project("{9A19103F-16F7-4668-BE54-9A1E7A4F7556}") = "Bean.2791", "src\Bean.2791\Bean.2791.csproj", "{78D0D349-DD03-48A2-AACC-AC5EA8C6563E}"
EndProject
Project("{9A19103F-16F7-4668-BE54-9A1E7A4F7556}") = "Chess.2787", "src\Chess.2787\Chess.2787.csproj", "{DF7A98CB-7D59-4F07-B633-BAF09B6DE3DE}"
EndProject
Project("{9A19103F-16F7-4668-BE54-9A1E7A4F7556}") = "Output8.2754", "src\Output8.2754\Output8.2754.csproj", "{5D25EF06-1452-4A9A-A539-BDC18198F610}"
EndProject
Project("{9A19103F-16F7-4668-BE54-9A1E7A4F7556}") = "SequenceIJ1.1095", "src\SequenceIJ1.1095\SequenceIJ1.1095.csproj", "{E302BEC2-6B1B-4B77-8399-91B058C895A8}"
EndProject
Project("{9A19103F-16F7-4668-BE54-9A1E7A4F7556}") = "SixOddNumbers.1070", "src\SixOddNumbers.1070\SixOddNumbers.1070.csproj", "{FC9DC9BC-8775-4C5E-9CDE-43F215CFD577}"
EndProject
Project("{9A19103F-16F7-4668-BE54-9A1E7A4F7556}") = "SchoolFloor.2786", "src\SchoolFloor.2786\SchoolFloor.2786.csproj", "{39B0158E-30E5-45B5-A0F9-FFF05B16655D}"
EndProject
Project("{9A19103F-16F7-4668-BE54-9A1E7A4F7556}") = "PepeIAlreadyTookTheCandle.2152", "src\PepeIAlreadyTookTheCandle.2152\PepeIAlreadyTookTheCandle.2152.csproj", "{04179E59-7781-4513-A101-B58BEF4B26F0}"
EndProject
Project("{9A19103F-16F7-4668-BE54-9A1E7A4F7556}") = "EvenOddPositiveAndNegative.1066", "src\EvenOddPositiveAndNegative.1066\EvenOddPositiveAndNegative.1066.csproj", "{1BF30F2A-3EAA-4493-B8DA-B8D86C396FD9}"
EndProject
Project("{9A19103F-16F7-4668-BE54-9A1E7A4F7556}") = "Event.2172", "src\Event.2172\Event.2172.csproj", "{52FD50A5-783C-4114-BE69-085FA92DB59B}"
EndProject
Project("{9A19103F-16F7-4668-BE54-9A1E7A4F7556}") = "Output1.2747", "src\Output1.2747\Output1.2747.csproj", "{7AC7C87E-BCAE-4F0F-AA68-CF681C511B6D}"
EndProject
Project("{9A19103F-16F7-4668-BE54-9A1E7A4F7556}") = "TimeConversion.1019", "src\TimeConversion.1019\TimeConversion.1019.csproj", "{E5326B66-B4EC-4D47-B694-1A367E20122A}"
EndProject
Project("{9A19103F-16F7-4668-BE54-9A1E7A4F7556}") = "EvenBetweenFiveNumbers.1065", "src\EvenBetweenFiveNumbers.1065\EvenBetweenFiveNumbers.1065.csproj", "{60DB5CF8-17E2-4719-9D9B-A8AE7C3FF182}"
EndProject
Project("{9A19103F-16F7-4668-BE54-9A1E7A4F7556}") = "MultiplicationTable.1078", "src\MultiplicationTable.1078\MultiplicationTable.1078.csproj", "{7691B080-24CC-47D8-8EC2-A08E2FF822F5}"
EndProject
Project("{9A19103F-16F7-4668-BE54-9A1E7A4F7556}") = "CorrectAnswer.3302", "src\CorrectAnswer.3302\CorrectAnswer.3302.csproj", "{20D7EB85-3534-4414-A255-003CD671C3AB}"
EndProject
Project("{9A19103F-16F7-4668-BE54-9A1E7A4F7556}") = "EvenSquare.1073", "src\EvenSquare.1073\EvenSquare.1073.csproj", "{189F1530-D282-4F46-AED4-47A89DDE8FD7}"
EndProject
Project("{9A19103F-16F7-4668-BE54-9A1E7A4F7556}") = "BobConduit.1589", "src\BobConduit.1589\BobConduit.1589.csproj", "{09880126-1429-4704-B6B5-53FCE72D8443}"
EndProject
Project("{9A19103F-16F7-4668-BE54-9A1E7A4F7556}") = "HoHoHo.1759", "src\HoHoHo.1759\HoHoHo.1759.csproj", "{2312E57D-C3D0-4B12-B3C8-B668DA1FAB6A}"
EndProject
Project("{9A19103F-16F7-4668-BE54-9A1E7A4F7556}") = "FixedPassword.1114", "src\FixedPassword.1114\FixedPassword.1114.csproj", "{33750CEF-8B09-4D6B-85A8-D1ABEAD9F204}"
EndProject
Project("{9A19103F-16F7-4668-BE54-9A1E7A4F7556}") = "SumOfConsecutiveOddNumbersII.1099", "src\SumOfConsecutiveOddNumbersII.1099\SumOfConsecutiveOddNumbersII.1099.csproj", "{C083FD3C-F4AD-4209-94ED-8DDACF1A7C80}"
EndProject
Project("{9A19103F-16F7-4668-BE54-9A1E7A4F7556}") = "Quadrant.1115", "src\Quadrant.1115\Quadrant.1115.csproj", "{5A2056B1-0533-4E05-8203-3EC66B425FAF}"
EndProject
Project("{9A19103F-16F7-4668-BE54-9A1E7A4F7556}") = "ElectricalOutlet.1930", "src\ElectricalOutlet.1930\ElectricalOutlet.1930.csproj", "{0585A3D6-8F37-4222-9414-612DFCC78422}"
EndProject
Project("{9A19103F-16F7-4668-BE54-9A1E7A4F7556}") = "TheBattleOfTheFiveArmies.3147", "src\TheBattleOfTheFiveArmies.3147\TheBattleOfTheFiveArmies.3147.csproj", "{1736D04E-4874-4FCB-B422-D8FA6D2ED013}"
EndProject
Project("{9A19103F-16F7-4668-BE54-9A1E7A4F7556}") = "Output2.2748", "src\Output2.2748\Output2.2748.csproj", "{C93A9EBF-18DE-469D-8545-07116B73DCF8}"
EndProject
Project("{9A19103F-16F7-4668-BE54-9A1E7A4F7556}") = "SequenceIJ3.1097", "src\SequenceIJ3.1097\SequenceIJ3.1097.csproj", "{4DDBCD05-5D46-46E0-A4DE-595E074539D0}"
EndProject
Project("{FAE04EC0-301F-11D3-BF4B-00C04F79EFBC}") = "CPFInputOutput.2763", "src\CPFInputOutput.2763\CPFInputOutput.2763.csproj", "{AB0D2F33-765D-4000-AD66-43534387103B}"
EndProject
Global
	GlobalSection(SolutionConfigurationPlatforms) = preSolution
		Debug|Any CPU = Debug|Any CPU
		Release|Any CPU = Release|Any CPU
	EndGlobalSection
	GlobalSection(ProjectConfigurationPlatforms) = postSolution
		{78D0D349-DD03-48A2-AACC-AC5EA8C6563E}.Debug|Any CPU.ActiveCfg = Debug|Any CPU
		{78D0D349-DD03-48A2-AACC-AC5EA8C6563E}.Debug|Any CPU.Build.0 = Debug|Any CPU
		{78D0D349-DD03-48A2-AACC-AC5EA8C6563E}.Release|Any CPU.ActiveCfg = Release|Any CPU
		{78D0D349-DD03-48A2-AACC-AC5EA8C6563E}.Release|Any CPU.Build.0 = Release|Any CPU
		{DF7A98CB-7D59-4F07-B633-BAF09B6DE3DE}.Debug|Any CPU.ActiveCfg = Debug|Any CPU
		{DF7A98CB-7D59-4F07-B633-BAF09B6DE3DE}.Debug|Any CPU.Build.0 = Debug|Any CPU
		{DF7A98CB-7D59-4F07-B633-BAF09B6DE3DE}.Release|Any CPU.ActiveCfg = Release|Any CPU
		{DF7A98CB-7D59-4F07-B633-BAF09B6DE3DE}.Release|Any CPU.Build.0 = Release|Any CPU
		{5D25EF06-1452-4A9A-A539-BDC18198F610}.Debug|Any CPU.ActiveCfg = Debug|Any CPU
		{5D25EF06-1452-4A9A-A539-BDC18198F610}.Debug|Any CPU.Build.0 = Debug|Any CPU
		{5D25EF06-1452-4A9A-A539-BDC18198F610}.Release|Any CPU.ActiveCfg = Release|Any CPU
		{5D25EF06-1452-4A9A-A539-BDC18198F610}.Release|Any CPU.Build.0 = Release|Any CPU
		{E302BEC2-6B1B-4B77-8399-91B058C895A8}.Debug|Any CPU.ActiveCfg = Debug|Any CPU
		{E302BEC2-6B1B-4B77-8399-91B058C895A8}.Debug|Any CPU.Build.0 = Debug|Any CPU
		{E302BEC2-6B1B-4B77-8399-91B058C895A8}.Release|Any CPU.ActiveCfg = Release|Any CPU
		{E302BEC2-6B1B-4B77-8399-91B058C895A8}.Release|Any CPU.Build.0 = Release|Any CPU
		{FC9DC9BC-8775-4C5E-9CDE-43F215CFD577}.Debug|Any CPU.ActiveCfg = Debug|Any CPU
		{FC9DC9BC-8775-4C5E-9CDE-43F215CFD577}.Debug|Any CPU.Build.0 = Debug|Any CPU
		{FC9DC9BC-8775-4C5E-9CDE-43F215CFD577}.Release|Any CPU.ActiveCfg = Release|Any CPU
		{FC9DC9BC-8775-4C5E-9CDE-43F215CFD577}.Release|Any CPU.Build.0 = Release|Any CPU
		{39B0158E-30E5-45B5-A0F9-FFF05B16655D}.Debug|Any CPU.ActiveCfg = Debug|Any CPU
		{39B0158E-30E5-45B5-A0F9-FFF05B16655D}.Debug|Any CPU.Build.0 = Debug|Any CPU
		{39B0158E-30E5-45B5-A0F9-FFF05B16655D}.Release|Any CPU.ActiveCfg = Release|Any CPU
		{39B0158E-30E5-45B5-A0F9-FFF05B16655D}.Release|Any CPU.Build.0 = Release|Any CPU
		{04179E59-7781-4513-A101-B58BEF4B26F0}.Debug|Any CPU.ActiveCfg = Debug|Any CPU
		{04179E59-7781-4513-A101-B58BEF4B26F0}.Debug|Any CPU.Build.0 = Debug|Any CPU
		{04179E59-7781-4513-A101-B58BEF4B26F0}.Release|Any CPU.ActiveCfg = Release|Any CPU
		{04179E59-7781-4513-A101-B58BEF4B26F0}.Release|Any CPU.Build.0 = Release|Any CPU
		{1BF30F2A-3EAA-4493-B8DA-B8D86C396FD9}.Debug|Any CPU.ActiveCfg = Debug|Any CPU
		{1BF30F2A-3EAA-4493-B8DA-B8D86C396FD9}.Debug|Any CPU.Build.0 = Debug|Any CPU
		{1BF30F2A-3EAA-4493-B8DA-B8D86C396FD9}.Release|Any CPU.ActiveCfg = Release|Any CPU
		{1BF30F2A-3EAA-4493-B8DA-B8D86C396FD9}.Release|Any CPU.Build.0 = Release|Any CPU
		{52FD50A5-783C-4114-BE69-085FA92DB59B}.Debug|Any CPU.ActiveCfg = Debug|Any CPU
		{52FD50A5-783C-4114-BE69-085FA92DB59B}.Debug|Any CPU.Build.0 = Debug|Any CPU
		{52FD50A5-783C-4114-BE69-085FA92DB59B}.Release|Any CPU.ActiveCfg = Release|Any CPU
		{52FD50A5-783C-4114-BE69-085FA92DB59B}.Release|Any CPU.Build.0 = Release|Any CPU
		{7AC7C87E-BCAE-4F0F-AA68-CF681C511B6D}.Debug|Any CPU.ActiveCfg = Debug|Any CPU
		{7AC7C87E-BCAE-4F0F-AA68-CF681C511B6D}.Debug|Any CPU.Build.0 = Debug|Any CPU
		{7AC7C87E-BCAE-4F0F-AA68-CF681C511B6D}.Release|Any CPU.ActiveCfg = Release|Any CPU
		{7AC7C87E-BCAE-4F0F-AA68-CF681C511B6D}.Release|Any CPU.Build.0 = Release|Any CPU
		{E5326B66-B4EC-4D47-B694-1A367E20122A}.Debug|Any CPU.ActiveCfg = Debug|Any CPU
		{E5326B66-B4EC-4D47-B694-1A367E20122A}.Debug|Any CPU.Build.0 = Debug|Any CPU
		{E5326B66-B4EC-4D47-B694-1A367E20122A}.Release|Any CPU.ActiveCfg = Release|Any CPU
		{E5326B66-B4EC-4D47-B694-1A367E20122A}.Release|Any CPU.Build.0 = Release|Any CPU
		{60DB5CF8-17E2-4719-9D9B-A8AE7C3FF182}.Debug|Any CPU.ActiveCfg = Debug|Any CPU
		{60DB5CF8-17E2-4719-9D9B-A8AE7C3FF182}.Debug|Any CPU.Build.0 = Debug|Any CPU
		{60DB5CF8-17E2-4719-9D9B-A8AE7C3FF182}.Release|Any CPU.ActiveCfg = Release|Any CPU
		{60DB5CF8-17E2-4719-9D9B-A8AE7C3FF182}.Release|Any CPU.Build.0 = Release|Any CPU
		{7691B080-24CC-47D8-8EC2-A08E2FF822F5}.Debug|Any CPU.ActiveCfg = Debug|Any CPU
		{7691B080-24CC-47D8-8EC2-A08E2FF822F5}.Debug|Any CPU.Build.0 = Debug|Any CPU
		{7691B080-24CC-47D8-8EC2-A08E2FF822F5}.Release|Any CPU.ActiveCfg = Release|Any CPU
		{7691B080-24CC-47D8-8EC2-A08E2FF822F5}.Release|Any CPU.Build.0 = Release|Any CPU
		{20D7EB85-3534-4414-A255-003CD671C3AB}.Debug|Any CPU.ActiveCfg = Debug|Any CPU
		{20D7EB85-3534-4414-A255-003CD671C3AB}.Debug|Any CPU.Build.0 = Debug|Any CPU
		{20D7EB85-3534-4414-A255-003CD671C3AB}.Release|Any CPU.ActiveCfg = Release|Any CPU
		{20D7EB85-3534-4414-A255-003CD671C3AB}.Release|Any CPU.Build.0 = Release|Any CPU
		{189F1530-D282-4F46-AED4-47A89DDE8FD7}.Debug|Any CPU.ActiveCfg = Debug|Any CPU
		{189F1530-D282-4F46-AED4-47A89DDE8FD7}.Debug|Any CPU.Build.0 = Debug|Any CPU
		{189F1530-D282-4F46-AED4-47A89DDE8FD7}.Release|Any CPU.ActiveCfg = Release|Any CPU
		{189F1530-D282-4F46-AED4-47A89DDE8FD7}.Release|Any CPU.Build.0 = Release|Any CPU
		{09880126-1429-4704-B6B5-53FCE72D8443}.Debug|Any CPU.ActiveCfg = Debug|Any CPU
		{09880126-1429-4704-B6B5-53FCE72D8443}.Debug|Any CPU.Build.0 = Debug|Any CPU
		{09880126-1429-4704-B6B5-53FCE72D8443}.Release|Any CPU.ActiveCfg = Release|Any CPU
		{09880126-1429-4704-B6B5-53FCE72D8443}.Release|Any CPU.Build.0 = Release|Any CPU
		{2312E57D-C3D0-4B12-B3C8-B668DA1FAB6A}.Debug|Any CPU.ActiveCfg = Debug|Any CPU
		{2312E57D-C3D0-4B12-B3C8-B668DA1FAB6A}.Debug|Any CPU.Build.0 = Debug|Any CPU
		{2312E57D-C3D0-4B12-B3C8-B668DA1FAB6A}.Release|Any CPU.ActiveCfg = Release|Any CPU
		{2312E57D-C3D0-4B12-B3C8-B668DA1FAB6A}.Release|Any CPU.Build.0 = Release|Any CPU
		{33750CEF-8B09-4D6B-85A8-D1ABEAD9F204}.Debug|Any CPU.ActiveCfg = Debug|Any CPU
		{33750CEF-8B09-4D6B-85A8-D1ABEAD9F204}.Debug|Any CPU.Build.0 = Debug|Any CPU
		{33750CEF-8B09-4D6B-85A8-D1ABEAD9F204}.Release|Any CPU.ActiveCfg = Release|Any CPU
		{33750CEF-8B09-4D6B-85A8-D1ABEAD9F204}.Release|Any CPU.Build.0 = Release|Any CPU
		{C083FD3C-F4AD-4209-94ED-8DDACF1A7C80}.Debug|Any CPU.ActiveCfg = Debug|Any CPU
		{C083FD3C-F4AD-4209-94ED-8DDACF1A7C80}.Debug|Any CPU.Build.0 = Debug|Any CPU
		{C083FD3C-F4AD-4209-94ED-8DDACF1A7C80}.Release|Any CPU.ActiveCfg = Release|Any CPU
		{C083FD3C-F4AD-4209-94ED-8DDACF1A7C80}.Release|Any CPU.Build.0 = Release|Any CPU
		{5A2056B1-0533-4E05-8203-3EC66B425FAF}.Debug|Any CPU.ActiveCfg = Debug|Any CPU
		{5A2056B1-0533-4E05-8203-3EC66B425FAF}.Debug|Any CPU.Build.0 = Debug|Any CPU
		{5A2056B1-0533-4E05-8203-3EC66B425FAF}.Release|Any CPU.ActiveCfg = Release|Any CPU
		{5A2056B1-0533-4E05-8203-3EC66B425FAF}.Release|Any CPU.Build.0 = Release|Any CPU
		{0585A3D6-8F37-4222-9414-612DFCC78422}.Debug|Any CPU.ActiveCfg = Debug|Any CPU
		{0585A3D6-8F37-4222-9414-612DFCC78422}.Debug|Any CPU.Build.0 = Debug|Any CPU
		{0585A3D6-8F37-4222-9414-612DFCC78422}.Release|Any CPU.ActiveCfg = Release|Any CPU
		{0585A3D6-8F37-4222-9414-612DFCC78422}.Release|Any CPU.Build.0 = Release|Any CPU
		{1736D04E-4874-4FCB-B422-D8FA6D2ED013}.Debug|Any CPU.ActiveCfg = Debug|Any CPU
		{1736D04E-4874-4FCB-B422-D8FA6D2ED013}.Debug|Any CPU.Build.0 = Debug|Any CPU
		{1736D04E-4874-4FCB-B422-D8FA6D2ED013}.Release|Any CPU.ActiveCfg = Release|Any CPU
		{1736D04E-4874-4FCB-B422-D8FA6D2ED013}.Release|Any CPU.Build.0 = Release|Any CPU
		{C93A9EBF-18DE-469D-8545-07116B73DCF8}.Debug|Any CPU.ActiveCfg = Debug|Any CPU
		{C93A9EBF-18DE-469D-8545-07116B73DCF8}.Debug|Any CPU.Build.0 = Debug|Any CPU
		{C93A9EBF-18DE-469D-8545-07116B73DCF8}.Release|Any CPU.ActiveCfg = Release|Any CPU
		{C93A9EBF-18DE-469D-8545-07116B73DCF8}.Release|Any CPU.Build.0 = Release|Any CPU
		{4DDBCD05-5D46-46E0-A4DE-595E074539D0}.Debug|Any CPU.ActiveCfg = Debug|Any CPU
		{4DDBCD05-5D46-46E0-A4DE-595E074539D0}.Debug|Any CPU.Build.0 = Debug|Any CPU
		{4DDBCD05-5D46-46E0-A4DE-595E074539D0}.Release|Any CPU.ActiveCfg = Release|Any CPU
		{4DDBCD05-5D46-46E0-A4DE-595E074539D0}.Release|Any CPU.Build.0 = Release|Any CPU
		{AB0D2F33-765D-4000-AD66-43534387103B}.Debug|Any CPU.ActiveCfg = Debug|Any CPU
		{AB0D2F33-765D-4000-AD66-43534387103B}.Debug|Any CPU.Build.0 = Debug|Any CPU
		{AB0D2F33-765D-4000-AD66-43534387103B}.Release|Any CPU.ActiveCfg = Release|Any CPU
		{AB0D2F33-765D-4000-AD66-43534387103B}.Release|Any CPU.Build.0 = Release|Any CPU
	EndGlobalSection
	GlobalSection(SolutionProperties) = preSolution
		HideSolutionNode = FALSE
	EndGlobalSection
	GlobalSection(ExtensibilityGlobals) = postSolution
		SolutionGuid = {C2AA5245-9889-41EE-9065-0017370172DB}
	EndGlobalSection
EndGlobal
